
Microsoft Visual Studio Solution File, Format Version 12.00
# Visual Studio Version 17
VisualStudioVersion = 17.10.34916.146
MinimumVisualStudioVersion = 10.0.40219.1
Project("{9A19103F-16F7-4668-BE54-9A1E7A4F7556}") = "UNIVERSAL.SN.API", "UNIVERSAL.SN.API\UNIVERSAL.SN.API.csproj", "{4F45FD28-3E26-40B2-915B-9D341963990F}"
	ProjectSection(ProjectDependencies) = postProject
		{74F93361-D463-440E-AA24-961B56B59B3D} = {74F93361-D463-440E-AA24-961B56B59B3D}
		{85984C97-DCC9-4367-A5B3-7CCF6AD85780} = {85984C97-DCC9-4367-A5B3-7CCF6AD85780}
	EndProjectSection
EndProject
Project("{FAE04EC0-301F-11D3-BF4B-00C04F79EFBC}") = "MODEL", "MODEL\MODEL.csproj", "{74F93361-D463-440E-AA24-961B56B59B3D}"
EndProject
Project("{FAE04EC0-301F-11D3-BF4B-00C04F79EFBC}") = "DATA.CONTEXT", "DATA.CONTEXT\DATA.CONTEXT.csproj", "{85984C97-DCC9-4367-A5B3-7CCF6AD85780}"
EndProject
Global
	GlobalSection(SolutionConfigurationPlatforms) = preSolution
		Debug|Any CPU = Debug|Any CPU
		Debug|ARM = Debug|ARM
		Debug|ARM64 = Debug|ARM64
		Debug|x64 = Debug|x64
		Debug|x86 = Debug|x86
		Release|Any CPU = Release|Any CPU
		Release|ARM = Release|ARM
		Release|ARM64 = Release|ARM64
		Release|x64 = Release|x64
		Release|x86 = Release|x86
	EndGlobalSection
	GlobalSection(ProjectConfigurationPlatforms) = postSolution
		{4F45FD28-3E26-40B2-915B-9D341963990F}.Debug|Any CPU.ActiveCfg = Debug|Any CPU
		{4F45FD28-3E26-40B2-915B-9D341963990F}.Debug|Any CPU.Build.0 = Debug|Any CPU
		{4F45FD28-3E26-40B2-915B-9D341963990F}.Debug|ARM.ActiveCfg = Debug|Any CPU
		{4F45FD28-3E26-40B2-915B-9D341963990F}.Debug|ARM.Build.0 = Debug|Any CPU
		{4F45FD28-3E26-40B2-915B-9D341963990F}.Debug|ARM64.ActiveCfg = Debug|Any CPU
		{4F45FD28-3E26-40B2-915B-9D341963990F}.Debug|ARM64.Build.0 = Debug|Any CPU
		{4F45FD28-3E26-40B2-915B-9D341963990F}.Debug|x64.ActiveCfg = Debug|Any CPU
		{4F45FD28-3E26-40B2-915B-9D341963990F}.Debug|x64.Build.0 = Debug|Any CPU
		{4F45FD28-3E26-40B2-915B-9D341963990F}.Debug|x86.ActiveCfg = Debug|Any CPU
		{4F45FD28-3E26-40B2-915B-9D341963990F}.Debug|x86.Build.0 = Debug|Any CPU
		{4F45FD28-3E26-40B2-915B-9D341963990F}.Release|Any CPU.ActiveCfg = Release|Any CPU
		{4F45FD28-3E26-40B2-915B-9D341963990F}.Release|Any CPU.Build.0 = Release|Any CPU
		{4F45FD28-3E26-40B2-915B-9D341963990F}.Release|ARM.ActiveCfg = Release|Any CPU
		{4F45FD28-3E26-40B2-915B-9D341963990F}.Release|ARM.Build.0 = Release|Any CPU
		{4F45FD28-3E26-40B2-915B-9D341963990F}.Release|ARM64.ActiveCfg = Release|Any CPU
		{4F45FD28-3E26-40B2-915B-9D341963990F}.Release|ARM64.Build.0 = Release|Any CPU
		{4F45FD28-3E26-40B2-915B-9D341963990F}.Release|x64.ActiveCfg = Release|Any CPU
		{4F45FD28-3E26-40B2-915B-9D341963990F}.Release|x64.Build.0 = Release|Any CPU
		{4F45FD28-3E26-40B2-915B-9D341963990F}.Release|x86.ActiveCfg = Release|Any CPU
		{4F45FD28-3E26-40B2-915B-9D341963990F}.Release|x86.Build.0 = Release|Any CPU
		{74F93361-D463-440E-AA24-961B56B59B3D}.Debug|Any CPU.ActiveCfg = Debug|Any CPU
		{74F93361-D463-440E-AA24-961B56B59B3D}.Debug|Any CPU.Build.0 = Debug|Any CPU
		{74F93361-D463-440E-AA24-961B56B59B3D}.Debug|ARM.ActiveCfg = Debug|Any CPU
		{74F93361-D463-440E-AA24-961B56B59B3D}.Debug|ARM.Build.0 = Debug|Any CPU
		{74F93361-D463-440E-AA24-961B56B59B3D}.Debug|ARM64.ActiveCfg = Debug|Any CPU
		{74F93361-D463-440E-AA24-961B56B59B3D}.Debug|ARM64.Build.0 = Debug|Any CPU
		{74F93361-D463-440E-AA24-961B56B59B3D}.Debug|x64.ActiveCfg = Debug|Any CPU
		{74F93361-D463-440E-AA24-961B56B59B3D}.Debug|x64.Build.0 = Debug|Any CPU
		{74F93361-D463-440E-AA24-961B56B59B3D}.Debug|x86.ActiveCfg = Debug|Any CPU
		{74F93361-D463-440E-AA24-961B56B59B3D}.Debug|x86.Build.0 = Debug|Any CPU
		{74F93361-D463-440E-AA24-961B56B59B3D}.Release|Any CPU.ActiveCfg = Release|Any CPU
		{74F93361-D463-440E-AA24-961B56B59B3D}.Release|Any CPU.Build.0 = Release|Any CPU
		{74F93361-D463-440E-AA24-961B56B59B3D}.Release|ARM.ActiveCfg = Release|Any CPU
		{74F93361-D463-440E-AA24-961B56B59B3D}.Release|ARM.Build.0 = Release|Any CPU
		{74F93361-D463-440E-AA24-961B56B59B3D}.Release|ARM64.ActiveCfg = Release|Any CPU
		{74F93361-D463-440E-AA24-961B56B59B3D}.Release|ARM64.Build.0 = Release|Any CPU
		{74F93361-D463-440E-AA24-961B56B59B3D}.Release|x64.ActiveCfg = Release|Any CPU
		{74F93361-D463-440E-AA24-961B56B59B3D}.Release|x64.Build.0 = Release|Any CPU
		{74F93361-D463-440E-AA24-961B56B59B3D}.Release|x86.ActiveCfg = Release|Any CPU
		{74F93361-D463-440E-AA24-961B56B59B3D}.Release|x86.Build.0 = Release|Any CPU
		{85984C97-DCC9-4367-A5B3-7CCF6AD85780}.Debug|Any CPU.ActiveCfg = Debug|Any CPU
		{85984C97-DCC9-4367-A5B3-7CCF6AD85780}.Debug|Any CPU.Build.0 = Debug|Any CPU
		{85984C97-DCC9-4367-A5B3-7CCF6AD85780}.Debug|ARM.ActiveCfg = Debug|Any CPU
		{85984C97-DCC9-4367-A5B3-7CCF6AD85780}.Debug|ARM.Build.0 = Debug|Any CPU
		{85984C97-DCC9-4367-A5B3-7CCF6AD85780}.Debug|ARM64.ActiveCfg = Debug|Any CPU
		{85984C97-DCC9-4367-A5B3-7CCF6AD85780}.Debug|ARM64.Build.0 = Debug|Any CPU
		{85984C97-DCC9-4367-A5B3-7CCF6AD85780}.Debug|x64.ActiveCfg = Debug|Any CPU
		{85984C97-DCC9-4367-A5B3-7CCF6AD85780}.Debug|x64.Build.0 = Debug|Any CPU
		{85984C97-DCC9-4367-A5B3-7CCF6AD85780}.Debug|x86.ActiveCfg = Debug|Any CPU
		{85984C97-DCC9-4367-A5B3-7CCF6AD85780}.Debug|x86.Build.0 = Debug|Any CPU
		{85984C97-DCC9-4367-A5B3-7CCF6AD85780}.Release|Any CPU.ActiveCfg = Release|Any CPU
		{85984C97-DCC9-4367-A5B3-7CCF6AD85780}.Release|Any CPU.Build.0 = Release|Any CPU
		{85984C97-DCC9-4367-A5B3-7CCF6AD85780}.Release|ARM.ActiveCfg = Release|Any CPU
		{85984C97-DCC9-4367-A5B3-7CCF6AD85780}.Release|ARM.Build.0 = Release|Any CPU
		{85984C97-DCC9-4367-A5B3-7CCF6AD85780}.Release|ARM64.ActiveCfg = Release|Any CPU
		{85984C97-DCC9-4367-A5B3-7CCF6AD85780}.Release|ARM64.Build.0 = Release|Any CPU
		{85984C97-DCC9-4367-A5B3-7CCF6AD85780}.Release|x64.ActiveCfg = Release|Any CPU
		{85984C97-DCC9-4367-A5B3-7CCF6AD85780}.Release|x64.Build.0 = Release|Any CPU
		{85984C97-DCC9-4367-A5B3-7CCF6AD85780}.Release|x86.ActiveCfg = Release|Any CPU
		{85984C97-DCC9-4367-A5B3-7CCF6AD85780}.Release|x86.Build.0 = Release|Any CPU
	EndGlobalSection
	GlobalSection(SolutionProperties) = preSolution
		HideSolutionNode = FALSE
	EndGlobalSection
	GlobalSection(ExtensibilityGlobals) = postSolution
		SolutionGuid = {C027675D-F4AC-4DA9-861B-F18A22E948F0}
	EndGlobalSection
EndGlobal
